
Microsoft Visual Studio Solution File, Format Version 12.00
# Visual Studio Version 17
VisualStudioVersion = 17.9.34728.123
MinimumVisualStudioVersion = 10.0.40219.1
Project("{FAE04EC0-301F-11D3-BF4B-00C04F79EFBC}") = "LibraryManagementwithBlazor", "LibraryManagementwithBlazor\LibraryManagementwithBlazor.csproj", "{AFD2815D-5FC4-4D68-A73A-0D2F3EBDF766}"
EndProject
Global
	GlobalSection(SolutionConfigurationPlatforms) = preSolution
		Debug|Any CPU = Debug|Any CPU
		Release|Any CPU = Release|Any CPU
	EndGlobalSection
	GlobalSection(ProjectConfigurationPlatforms) = postSolution
		{AFD2815D-5FC4-4D68-A73A-0D2F3EBDF766}.Debug|Any CPU.ActiveCfg = Debug|Any CPU
		{AFD2815D-5FC4-4D68-A73A-0D2F3EBDF766}.Debug|Any CPU.Build.0 = Debug|Any CPU
		{AFD2815D-5FC4-4D68-A73A-0D2F3EBDF766}.Release|Any CPU.ActiveCfg = Release|Any CPU
		{AFD2815D-5FC4-4D68-A73A-0D2F3EBDF766}.Release|Any CPU.Build.0 = Release|Any CPU
	EndGlobalSection
	GlobalSection(SolutionProperties) = preSolution
		HideSolutionNode = FALSE
	EndGlobalSection
	GlobalSection(ExtensibilityGlobals) = postSolution
		SolutionGuid = {65677D17-8057-45AC-B8F8-7B327F6D3693}
	EndGlobalSection
EndGlobal
